
Microsoft Visual Studio Solution File, Format Version 12.00
# Visual Studio 16
Project("{FAE04EC0-301F-11D3-BF4B-00C04F79EFBC}") = "Assembly-CSharp", "Assembly-CSharp.csproj", "{8F5D5B5C-E26F-FCC3-5576-36261E9B565D}"
EndProject
Project("{FAE04EC0-301F-11D3-BF4B-00C04F79EFBC}") = "Assembly-CSharp-Editor", "Assembly-CSharp-Editor.csproj", "{8DA2F664-F7AB-CB4F-3475-9A9DAF2C7261}"
EndProject
Global
	GlobalSection(SolutionConfigurationPlatforms) = preSolution
		Debug|Any CPU = Debug|Any CPU
		Release|Any CPU = Release|Any CPU
	EndGlobalSection
	GlobalSection(ProjectConfigurationPlatforms) = postSolution
		{8F5D5B5C-E26F-FCC3-5576-36261E9B565D}.Debug|Any CPU.ActiveCfg = Debug|Any CPU
		{8F5D5B5C-E26F-FCC3-5576-36261E9B565D}.Debug|Any CPU.Build.0 = Debug|Any CPU
		{8F5D5B5C-E26F-FCC3-5576-36261E9B565D}.Release|Any CPU.ActiveCfg = Release|Any CPU
		{8F5D5B5C-E26F-FCC3-5576-36261E9B565D}.Release|Any CPU.Build.0 = Release|Any CPU
		{8DA2F664-F7AB-CB4F-3475-9A9DAF2C7261}.Debug|Any CPU.ActiveCfg = Debug|Any CPU
		{8DA2F664-F7AB-CB4F-3475-9A9DAF2C7261}.Debug|Any CPU.Build.0 = Debug|Any CPU
		{8DA2F664-F7AB-CB4F-3475-9A9DAF2C7261}.Release|Any CPU.ActiveCfg = Release|Any CPU
		{8DA2F664-F7AB-CB4F-3475-9A9DAF2C7261}.Release|Any CPU.Build.0 = Release|Any CPU
	EndGlobalSection
	GlobalSection(SolutionProperties) = preSolution
		HideSolutionNode = FALSE
	EndGlobalSection
EndGlobal
